
Microsoft Visual Studio Solution File, Format Version 12.00
# Visual Studio Version 17
VisualStudioVersion = 17.14.36623.8
MinimumVisualStudioVersion = 10.0.40219.1
Project("{FAE04EC0-301F-11D3-BF4B-00C04F79EFBC}") = "SmartInventory.Web", "SmartInventory.Web\SmartInventory.Web.csproj", "{9D12D3DA-3751-4BA2-B8F4-CA84C8EF0138}"
EndProject
Project("{FAE04EC0-301F-11D3-BF4B-00C04F79EFBC}") = "SmartInventory.BLL", "SmartInventory.BLL\SmartInventory.BLL.csproj", "{7285C8BB-6E55-4905-BF5A-28A0B17FA626}"
EndProject
Project("{FAE04EC0-301F-11D3-BF4B-00C04F79EFBC}") = "SmartInventory.DAL", "SmartInventory.DAL\SmartInventory.DAL.csproj", "{A1C3C700-E0EF-4B1F-A1E3-038F14134887}"
EndProject
Project("{FAE04EC0-301F-11D3-BF4B-00C04F79EFBC}") = "SmartInventory.Model", "SmartInventory.Model\SmartInventory.Model.csproj", "{53E3546A-1533-48BD-968B-02010A3138B9}"
EndProject
Project("{FAE04EC0-301F-11D3-BF4B-00C04F79EFBC}") = "SmartInventory.Contract", "SmartInventory.Contract\SmartInventory.Contract.csproj", "{BA63216D-BDC3-48C3-B107-DE233BEB0932}"
EndProject
Global
	GlobalSection(SolutionConfigurationPlatforms) = preSolution
		Debug|Any CPU = Debug|Any CPU
		Release|Any CPU = Release|Any CPU
	EndGlobalSection
	GlobalSection(ProjectConfigurationPlatforms) = postSolution
		{9D12D3DA-3751-4BA2-B8F4-CA84C8EF0138}.Debug|Any CPU.ActiveCfg = Debug|Any CPU
		{9D12D3DA-3751-4BA2-B8F4-CA84C8EF0138}.Debug|Any CPU.Build.0 = Debug|Any CPU
		{9D12D3DA-3751-4BA2-B8F4-CA84C8EF0138}.Release|Any CPU.ActiveCfg = Release|Any CPU
		{9D12D3DA-3751-4BA2-B8F4-CA84C8EF0138}.Release|Any CPU.Build.0 = Release|Any CPU
		{7285C8BB-6E55-4905-BF5A-28A0B17FA626}.Debug|Any CPU.ActiveCfg = Debug|Any CPU
		{7285C8BB-6E55-4905-BF5A-28A0B17FA626}.Debug|Any CPU.Build.0 = Debug|Any CPU
		{7285C8BB-6E55-4905-BF5A-28A0B17FA626}.Release|Any CPU.ActiveCfg = Release|Any CPU
		{7285C8BB-6E55-4905-BF5A-28A0B17FA626}.Release|Any CPU.Build.0 = Release|Any CPU
		{A1C3C700-E0EF-4B1F-A1E3-038F14134887}.Debug|Any CPU.ActiveCfg = Debug|Any CPU
		{A1C3C700-E0EF-4B1F-A1E3-038F14134887}.Debug|Any CPU.Build.0 = Debug|Any CPU
		{A1C3C700-E0EF-4B1F-A1E3-038F14134887}.Release|Any CPU.ActiveCfg = Release|Any CPU
		{A1C3C700-E0EF-4B1F-A1E3-038F14134887}.Release|Any CPU.Build.0 = Release|Any CPU
		{53E3546A-1533-48BD-968B-02010A3138B9}.Debug|Any CPU.ActiveCfg = Debug|Any CPU
		{53E3546A-1533-48BD-968B-02010A3138B9}.Debug|Any CPU.Build.0 = Debug|Any CPU
		{53E3546A-1533-48BD-968B-02010A3138B9}.Release|Any CPU.ActiveCfg = Release|Any CPU
		{53E3546A-1533-48BD-968B-02010A3138B9}.Release|Any CPU.Build.0 = Release|Any CPU
		{BA63216D-BDC3-48C3-B107-DE233BEB0932}.Debug|Any CPU.ActiveCfg = Debug|Any CPU
		{BA63216D-BDC3-48C3-B107-DE233BEB0932}.Debug|Any CPU.Build.0 = Debug|Any CPU
		{BA63216D-BDC3-48C3-B107-DE233BEB0932}.Release|Any CPU.ActiveCfg = Release|Any CPU
		{BA63216D-BDC3-48C3-B107-DE233BEB0932}.Release|Any CPU.Build.0 = Release|Any CPU
	EndGlobalSection
	GlobalSection(SolutionProperties) = preSolution
		HideSolutionNode = FALSE
	EndGlobalSection
	GlobalSection(ExtensibilityGlobals) = postSolution
		SolutionGuid = {850137EC-8219-4C89-9F16-7E7C43698000}
	EndGlobalSection
EndGlobal
